
Microsoft Visual Studio Solution File, Format Version 10.00
# Visual C++ Express 2008
Project("{8BC9CEB8-8B4A-11D0-8D11-00A0C91BC942}") = "Charack", "Charack\Charack.vcproj", "{9981DB90-6329-4CC7-876E-89B43AFE9E4F}"
EndProject
Project("{8BC9CEB8-8B4A-11D0-8D11-00A0C91BC942}") = "Tests", "Tests\Tests.vcproj", "{2C955272-6A9F-4E4B-BAF7-BB3964F8EA50}"
EndProject
Global
	GlobalSection(SolutionConfigurationPlatforms) = preSolution
		Debug|Win32 = Debug|Win32
		Release|Win32 = Release|Win32
	EndGlobalSection
	GlobalSection(ProjectConfigurationPlatforms) = postSolution
		{9981DB90-6329-4CC7-876E-89B43AFE9E4F}.Debug|Win32.ActiveCfg = Debug|Win32
		{9981DB90-6329-4CC7-876E-89B43AFE9E4F}.Debug|Win32.Build.0 = Debug|Win32
		{9981DB90-6329-4CC7-876E-89B43AFE9E4F}.Release|Win32.ActiveCfg = Release|Win32
		{9981DB90-6329-4CC7-876E-89B43AFE9E4F}.Release|Win32.Build.0 = Release|Win32
		{2C955272-6A9F-4E4B-BAF7-BB3964F8EA50}.Debug|Win32.ActiveCfg = Debug|Win32
		{2C955272-6A9F-4E4B-BAF7-BB3964F8EA50}.Debug|Win32.Build.0 = Debug|Win32
		{2C955272-6A9F-4E4B-BAF7-BB3964F8EA50}.Release|Win32.ActiveCfg = Release|Win32
		{2C955272-6A9F-4E4B-BAF7-BB3964F8EA50}.Release|Win32.Build.0 = Release|Win32
	EndGlobalSection
	GlobalSection(SolutionProperties) = preSolution
		HideSolutionNode = FALSE
	EndGlobalSection
EndGlobal
